// !$*UTF8*$!
{
	archiveVersion = 1;
	classes = {
	};
	objectVersion = 50;
	objects = {

/* Begin PBXBuildFile section */
		6AFB17F52568B14E00AC36B4 /* main.cpp in Sources */ = {isa = PBXBuildFile; fileRef = 6AFB17F42568B14E00AC36B4 /* main.cpp */; };
		6AFB17FE2568B18900AC36B4 /* Graph.cpp in Sources */ = {isa = PBXBuildFile; fileRef = 6AFB17FC2568B18900AC36B4 /* Graph.cpp */; };
		6AFB18022568B1A800AC36B4 /* Vertex.cpp in Sources */ = {isa = PBXBuildFile; fileRef = 6AFB18002568B1A800AC36B4 /* Vertex.cpp */; };
		6AFB18062568B1CD00AC36B4 /* Edge.cpp in Sources */ = {isa = PBXBuildFile; fileRef = 6AFB18042568B1CD00AC36B4 /* Edge.cpp */; };
		6AFB180D2568B2AE00AC36B4 /* Registro.cpp in Sources */ = {isa = PBXBuildFile; fileRef = 6AFB180B2568B2AE00AC36B4 /* Registro.cpp */; };
		6AFB18122568B2F400AC36B4 /* Fecha.cpp in Sources */ = {isa = PBXBuildFile; fileRef = 6AFB18102568B2F400AC36B4 /* Fecha.cpp */; };
		6AFB18162568B33F00AC36B4 /* Hora.cpp in Sources */ = {isa = PBXBuildFile; fileRef = 6AFB18142568B33F00AC36B4 /* Hora.cpp */; };
/* End PBXBuildFile section */

/* Begin PBXCopyFilesBuildPhase section */
		6AFB17EF2568B14E00AC36B4 /* CopyFiles */ = {
			isa = PBXCopyFilesBuildPhase;
			buildActionMask = 2147483647;
			dstPath = /usr/share/man/man1/;
			dstSubfolderSpec = 0;
			files = (
			);
			runOnlyForDeploymentPostprocessing = 1;
		};
/* End PBXCopyFilesBuildPhase section */

/* Begin PBXFileReference section */
		6AFB17F12568B14E00AC36B4 /* Act_4.2 */ = {isa = PBXFileReference; explicitFileType = "compiled.mach-o.executable"; includeInIndex = 0; path = Act_4.2; sourceTree = BUILT_PRODUCTS_DIR; };
		6AFB17F42568B14E00AC36B4 /* main.cpp */ = {isa = PBXFileReference; lastKnownFileType = sourcecode.cpp.cpp; path = main.cpp; sourceTree = "<group>"; };
		6AFB17FC2568B18900AC36B4 /* Graph.cpp */ = {isa = PBXFileReference; lastKnownFileType = sourcecode.cpp.cpp; path = Graph.cpp; sourceTree = "<group>"; };
		6AFB17FD2568B18900AC36B4 /* Graph.hpp */ = {isa = PBXFileReference; lastKnownFileType = sourcecode.cpp.h; path = Graph.hpp; sourceTree = "<group>"; };
		6AFB18002568B1A800AC36B4 /* Vertex.cpp */ = {isa = PBXFileReference; lastKnownFileType = sourcecode.cpp.cpp; path = Vertex.cpp; sourceTree = "<group>"; };
		6AFB18012568B1A800AC36B4 /* Vertex.hpp */ = {isa = PBXFileReference; lastKnownFileType = sourcecode.cpp.h; path = Vertex.hpp; sourceTree = "<group>"; };
		6AFB18042568B1CD00AC36B4 /* Edge.cpp */ = {isa = PBXFileReference; lastKnownFileType = sourcecode.cpp.cpp; path = Edge.cpp; sourceTree = "<group>"; };
		6AFB18052568B1CD00AC36B4 /* Edge.hpp */ = {isa = PBXFileReference; lastKnownFileType = sourcecode.cpp.h; path = Edge.hpp; sourceTree = "<group>"; };
		6AFB180A2568B28B00AC36B4 /* equipo6.csv */ = {isa = PBXFileReference; lastKnownFileType = text; path = equipo6.csv; sourceTree = "<group>"; };
		6AFB180B2568B2AE00AC36B4 /* Registro.cpp */ = {isa = PBXFileReference; lastKnownFileType = sourcecode.cpp.cpp; path = Registro.cpp; sourceTree = "<group>"; };
		6AFB180C2568B2AE00AC36B4 /* Registro.hpp */ = {isa = PBXFileReference; lastKnownFileType = sourcecode.cpp.h; path = Registro.hpp; sourceTree = "<group>"; };
		6AFB18102568B2F400AC36B4 /* Fecha.cpp */ = {isa = PBXFileReference; lastKnownFileType = sourcecode.cpp.cpp; path = Fecha.cpp; sourceTree = "<group>"; };
		6AFB18112568B2F400AC36B4 /* Fecha.hpp */ = {isa = PBXFileReference; lastKnownFileType = sourcecode.cpp.h; path = Fecha.hpp; sourceTree = "<group>"; };
		6AFB18142568B33F00AC36B4 /* Hora.cpp */ = {isa = PBXFileReference; lastKnownFileType = sourcecode.cpp.cpp; path = Hora.cpp; sourceTree = "<group>"; };
		6AFB18152568B33F00AC36B4 /* Hora.hpp */ = {isa = PBXFileReference; lastKnownFileType = sourcecode.cpp.h; path = Hora.hpp; sourceTree = "<group>"; };
/* End PBXFileReference section */

/* Begin PBXFrameworksBuildPhase section */
		6AFB17EE2568B14E00AC36B4 /* Frameworks */ = {
			isa = PBXFrameworksBuildPhase;
			buildActionMask = 2147483647;
			files = (
			);
			runOnlyForDeploymentPostprocessing = 0;
		};
/* End PBXFrameworksBuildPhase section */

/* Begin PBXGroup section */
		6AFB17E82568B14E00AC36B4 = {
			isa = PBXGroup;
			children = (
				6AFB17F32568B14E00AC36B4 /* Act_4.2 */,
				6AFB17F22568B14E00AC36B4 /* Products */,
			);
			sourceTree = "<group>";
		};
		6AFB17F22568B14E00AC36B4 /* Products */ = {
			isa = PBXGroup;
			children = (
				6AFB17F12568B14E00AC36B4 /* Act_4.2 */,
			);
			name = Products;
			sourceTree = "<group>";
		};
		6AFB17F32568B14E00AC36B4 /* Act_4.2 */ = {
			isa = PBXGroup;
			children = (
				6AFB17F42568B14E00AC36B4 /* main.cpp */,
				6AFB17FC2568B18900AC36B4 /* Graph.cpp */,
				6AFB17FD2568B18900AC36B4 /* Graph.hpp */,
				6AFB18002568B1A800AC36B4 /* Vertex.cpp */,
				6AFB18012568B1A800AC36B4 /* Vertex.hpp */,
				6AFB18042568B1CD00AC36B4 /* Edge.cpp */,
				6AFB18052568B1CD00AC36B4 /* Edge.hpp */,
				6AFB180A2568B28B00AC36B4 /* equipo6.csv */,
				6AFB180B2568B2AE00AC36B4 /* Registro.cpp */,
				6AFB180C2568B2AE00AC36B4 /* Registro.hpp */,
				6AFB18142568B33F00AC36B4 /* Hora.cpp */,
				6AFB18152568B33F00AC36B4 /* Hora.hpp */,
				6AFB18102568B2F400AC36B4 /* Fecha.cpp */,
				6AFB18112568B2F400AC36B4 /* Fecha.hpp */,
			);
			path = Act_4.2;
			sourceTree = "<group>";
		};
/* End PBXGroup section */

/* Begin PBXNativeTarget section */
		6AFB17F02568B14E00AC36B4 /* Act_4.2 */ = {
			isa = PBXNativeTarget;
			buildConfigurationList = 6AFB17F82568B14E00AC36B4 /* Build configuration list for PBXNativeTarget "Act_4.2" */;
			buildPhases = (
				6AFB17ED2568B14E00AC36B4 /* Sources */,
				6AFB17EE2568B14E00AC36B4 /* Frameworks */,
				6AFB17EF2568B14E00AC36B4 /* CopyFiles */,
			);
			buildRules = (
			);
			dependencies = (
			);
			name = Act_4.2;
			productName = Act_4.2;
			productReference = 6AFB17F12568B14E00AC36B4 /* Act_4.2 */;
			productType = "com.apple.product-type.tool";
		};
/* End PBXNativeTarget section */

/* Begin PBXProject section */
		6AFB17E92568B14E00AC36B4 /* Project object */ = {
			isa = PBXProject;
			attributes = {
				LastUpgradeCheck = 1200;
				TargetAttributes = {
					6AFB17F02568B14E00AC36B4 = {
						CreatedOnToolsVersion = 12.0.1;
					};
				};
			};
			buildConfigurationList = 6AFB17EC2568B14E00AC36B4 /* Build configuration list for PBXProject "Act_4.2" */;
			compatibilityVersion = "Xcode 9.3";
			developmentRegion = en;
			hasScannedForEncodings = 0;
			knownRegions = (
				en,
				Base,
			);
			mainGroup = 6AFB17E82568B14E00AC36B4;
			productRefGroup = 6AFB17F22568B14E00AC36B4 /* Products */;
			projectDirPath = "";
			projectRoot = "";
			targets = (
				6AFB17F02568B14E00AC36B4 /* Act_4.2 */,
			);
		};
/* End PBXProject section */

/* Begin PBXSourcesBuildPhase section */
		6AFB17ED2568B14E00AC36B4 /* Sources */ = {
			isa = PBXSourcesBuildPhase;
			buildActionMask = 2147483647;
			files = (
				6AFB18022568B1A800AC36B4 /* Vertex.cpp in Sources */,
				6AFB18122568B2F400AC36B4 /* Fecha.cpp in Sources */,
				6AFB18162568B33F00AC36B4 /* Hora.cpp in Sources */,
				6AFB17FE2568B18900AC36B4 /* Graph.cpp in Sources */,
				6AFB18062568B1CD00AC36B4 /* Edge.cpp in Sources */,
				6AFB180D2568B2AE00AC36B4 /* Registro.cpp in Sources */,
				6AFB17F52568B14E00AC36B4 /* main.cpp in Sources */,
			);
			runOnlyForDeploymentPostprocessing = 0;
		};
/* End PBXSourcesBuildPhase section */

/* Begin XCBuildConfiguration section */
		6AFB17F62568B14E00AC36B4 /* Debug */ = {
			isa = XCBuildConfiguration;
			buildSettings = {
				ALWAYS_SEARCH_USER_PATHS = NO;
				CLANG_ANALYZER_NONNULL = YES;
				CLANG_ANALYZER_NUMBER_OBJECT_CONVERSION = YES_AGGRESSIVE;
				CLANG_CXX_LANGUAGE_STANDARD = "gnu++14";
				CLANG_CXX_LIBRARY = "libc++";
				CLANG_ENABLE_MODULES = YES;
				CLANG_ENABLE_OBJC_ARC = YES;
				CLANG_ENABLE_OBJC_WEAK = YES;
				CLANG_WARN_BLOCK_CAPTURE_AUTORELEASING = YES;
				CLANG_WARN_BOOL_CONVERSION = YES;
				CLANG_WARN_COMMA = YES;
				CLANG_WARN_CONSTANT_CONVERSION = YES;
				CLANG_WARN_DEPRECATED_OBJC_IMPLEMENTATIONS = YES;
				CLANG_WARN_DIRECT_OBJC_ISA_USAGE = YES_ERROR;
				CLANG_WARN_DOCUMENTATION_COMMENTS = YES;
				CLANG_WARN_EMPTY_BODY = YES;
				CLANG_WARN_ENUM_CONVERSION = YES;
				CLANG_WARN_INFINITE_RECURSION = YES;
				CLANG_WARN_INT_CONVERSION = YES;
				CLANG_WARN_NON_LITERAL_NULL_CONVERSION = YES;
				CLANG_WARN_OBJC_IMPLICIT_RETAIN_SELF = YES;
				CLANG_WARN_OBJC_LITERAL_CONVERSION = YES;
				CLANG_WARN_OBJC_ROOT_CLASS = YES_ERROR;
				CLANG_WARN_QUOTED_INCLUDE_IN_FRAMEWORK_HEADER = YES;
				CLANG_WARN_RANGE_LOOP_ANALYSIS = YES;
				CLANG_WARN_STRICT_PROTOTYPES = YES;
				CLANG_WARN_SUSPICIOUS_MOVE = YES;
				CLANG_WARN_UNGUARDED_AVAILABILITY = YES_AGGRESSIVE;
				CLANG_WARN_UNREACHABLE_CODE = YES;
				CLANG_WARN__DUPLICATE_METHOD_MATCH = YES;
				COPY_PHASE_STRIP = NO;
				DEBUG_INFORMATION_FORMAT = dwarf;
				ENABLE_STRICT_OBJC_MSGSEND = YES;
				ENABLE_TESTABILITY = YES;
				GCC_C_LANGUAGE_STANDARD = gnu11;
				GCC_DYNAMIC_NO_PIC = NO;
				GCC_NO_COMMON_BLOCKS = YES;
				GCC_OPTIMIZATION_LEVEL = 0;
				GCC_PREPROCESSOR_DEFINITIONS = (
					"DEBUG=1",
					"$(inherited)",
				);
				GCC_WARN_64_TO_32_BIT_CONVERSION = YES;
				GCC_WARN_ABOUT_RETURN_TYPE = YES_ERROR;
				GCC_WARN_UNDECLARED_SELECTOR = YES;
				GCC_WARN_UNINITIALIZED_AUTOS = YES_AGGRESSIVE;
				GCC_WARN_UNUSED_FUNCTION = YES;
				GCC_WARN_UNUSED_VARIABLE = YES;
				MACOSX_DEPLOYMENT_TARGET = 10.15;
				MTL_ENABLE_DEBUG_INFO = INCLUDE_SOURCE;
				MTL_FAST_MATH = YES;
				ONLY_ACTIVE_ARCH = YES;
				SDKROOT = macosx;
			};
			name = Debug;
		};
		6AFB17F72568B14E00AC36B4 /* Release */ = {
			isa = XCBuildConfiguration;
			buildSettings = {
				ALWAYS_SEARCH_USER_PATHS = NO;
				CLANG_ANALYZER_NONNULL = YES;
				CLANG_ANALYZER_NUMBER_OBJECT_CONVERSION = YES_AGGRESSIVE;
				CLANG_CXX_LANGUAGE_STANDARD = "gnu++14";
				CLANG_CXX_LIBRARY = "libc++";
				CLANG_ENABLE_MODULES = YES;
				CLANG_ENABLE_OBJC_ARC = YES;
				CLANG_ENABLE_OBJC_WEAK = YES;
				CLANG_WARN_BLOCK_CAPTURE_AUTORELEASING = YES;
				CLANG_WARN_BOOL_CONVERSION = YES;
				CLANG_WARN_COMMA = YES;
				CLANG_WARN_CONSTANT_CONVERSION = YES;
				CLANG_WARN_DEPRECATED_OBJC_IMPLEMENTATIONS = YES;
				CLANG_WARN_DIRECT_OBJC_ISA_USAGE = YES_ERROR;
				CLANG_WARN_DOCUMENTATION_COMMENTS = YES;
				CLANG_WARN_EMPTY_BODY = YES;
				CLANG_WARN_ENUM_CONVERSION = YES;
				CLANG_WARN_INFINITE_RECURSION = YES;
				CLANG_WARN_INT_CONVERSION = YES;
				CLANG_WARN_NON_LITERAL_NULL_CONVERSION = YES;
				CLANG_WARN_OBJC_IMPLICIT_RETAIN_SELF = YES;
				CLANG_WARN_OBJC_LITERAL_CONVERSION = YES;
				CLANG_WARN_OBJC_ROOT_CLASS = YES_ERROR;
				CLANG_WARN_QUOTED_INCLUDE_IN_FRAMEWORK_HEADER = YES;
				CLANG_WARN_RANGE_LOOP_ANALYSIS = YES;
				CLANG_WARN_STRICT_PROTOTYPES = YES;
				CLANG_WARN_SUSPICIOUS_MOVE = YES;
				CLANG_WARN_UNGUARDED_AVAILABILITY = YES_AGGRESSIVE;
				CLANG_WARN_UNREACHABLE_CODE = YES;
				CLANG_WARN__DUPLICATE_METHOD_MATCH = YES;
				COPY_PHASE_STRIP = NO;
				DEBUG_INFORMATION_FORMAT = "dwarf-with-dsym";
				ENABLE_NS_ASSERTIONS = NO;
				ENABLE_STRICT_OBJC_MSGSEND = YES;
				GCC_C_LANGUAGE_STANDARD = gnu11;
				GCC_NO_COMMON_BLOCKS = YES;
				GCC_WARN_64_TO_32_BIT_CONVERSION = YES;
				GCC_WARN_ABOUT_RETURN_TYPE = YES_ERROR;
				GCC_WARN_UNDECLARED_SELECTOR = YES;
				GCC_WARN_UNINITIALIZED_AUTOS = YES_AGGRESSIVE;
				GCC_WARN_UNUSED_FUNCTION = YES;
				GCC_WARN_UNUSED_VARIABLE = YES;
				MACOSX_DEPLOYMENT_TARGET = 10.15;
				MTL_ENABLE_DEBUG_INFO = NO;
				MTL_FAST_MATH = YES;
				SDKROOT = macosx;
			};
			name = Release;
		};
		6AFB17F92568B14E00AC36B4 /* Debug */ = {
			isa = XCBuildConfiguration;
			buildSettings = {
				CODE_SIGN_STYLE = Automatic;
				PRODUCT_NAME = "$(TARGET_NAME)";
			};
			name = Debug;
		};
		6AFB17FA2568B14E00AC36B4 /* Release */ = {
			isa = XCBuildConfiguration;
			buildSettings = {
				CODE_SIGN_STYLE = Automatic;
				PRODUCT_NAME = "$(TARGET_NAME)";
			};
			name = Release;
		};
/* End XCBuildConfiguration section */

/* Begin XCConfigurationList section */
		6AFB17EC2568B14E00AC36B4 /* Build configuration list for PBXProject "Act_4.2" */ = {
			isa = XCConfigurationList;
			buildConfigurations = (
				6AFB17F62568B14E00AC36B4 /* Debug */,
				6AFB17F72568B14E00AC36B4 /* Release */,
			);
			defaultConfigurationIsVisible = 0;
			defaultConfigurationName = Release;
		};
		6AFB17F82568B14E00AC36B4 /* Build configuration list for PBXNativeTarget "Act_4.2" */ = {
			isa = XCConfigurationList;
			buildConfigurations = (
				6AFB17F92568B14E00AC36B4 /* Debug */,
				6AFB17FA2568B14E00AC36B4 /* Release */,
			);
			defaultConfigurationIsVisible = 0;
			defaultConfigurationName = Release;
		};
/* End XCConfigurationList section */
	};
	rootObject = 6AFB17E92568B14E00AC36B4 /* Project object */;
}
